
Microsoft Visual Studio Solution File, Format Version 12.00
# Visual Studio Version 17
VisualStudioVersion = 17.10.35004.147
MinimumVisualStudioVersion = 10.0.40219.1
Project("{FAE04EC0-301F-11D3-BF4B-00C04F79EFBC}") = "Exceptions-lab", "Exceptions-lab\Exceptions-lab.csproj", "{E4E77539-EB69-48C3-9B63-DC953C9F9959}"
EndProject
Project("{FAE04EC0-301F-11D3-BF4B-00C04F79EFBC}") = "Cards", "Cards\Cards.csproj", "{A6A785B0-3782-4C7B-BF48-5FCAE681E678}"
EndProject
Project("{FAE04EC0-301F-11D3-BF4B-00C04F79EFBC}") = "SumOfIntegers", "SumOfIntegers\SumOfIntegers.csproj", "{9620A2A3-AC7E-4B78-9DD8-490154AAF490}"
EndProject
Project("{FAE04EC0-301F-11D3-BF4B-00C04F79EFBC}") = "PlayCatch", "PlayCatch\PlayCatch.csproj", "{24866671-FAAA-4A28-B10A-CFDF41193B4E}"
EndProject
Project("{FAE04EC0-301F-11D3-BF4B-00C04F79EFBC}") = "Bank", "Bank\Bank.csproj", "{ACA0D429-C03E-43DA-A077-09F1C28EC727}"
EndProject
Global
	GlobalSection(SolutionConfigurationPlatforms) = preSolution
		Debug|Any CPU = Debug|Any CPU
		Release|Any CPU = Release|Any CPU
	EndGlobalSection
	GlobalSection(ProjectConfigurationPlatforms) = postSolution
		{E4E77539-EB69-48C3-9B63-DC953C9F9959}.Debug|Any CPU.ActiveCfg = Debug|Any CPU
		{E4E77539-EB69-48C3-9B63-DC953C9F9959}.Debug|Any CPU.Build.0 = Debug|Any CPU
		{E4E77539-EB69-48C3-9B63-DC953C9F9959}.Release|Any CPU.ActiveCfg = Release|Any CPU
		{E4E77539-EB69-48C3-9B63-DC953C9F9959}.Release|Any CPU.Build.0 = Release|Any CPU
		{A6A785B0-3782-4C7B-BF48-5FCAE681E678}.Debug|Any CPU.ActiveCfg = Debug|Any CPU
		{A6A785B0-3782-4C7B-BF48-5FCAE681E678}.Debug|Any CPU.Build.0 = Debug|Any CPU
		{A6A785B0-3782-4C7B-BF48-5FCAE681E678}.Release|Any CPU.ActiveCfg = Release|Any CPU
		{A6A785B0-3782-4C7B-BF48-5FCAE681E678}.Release|Any CPU.Build.0 = Release|Any CPU
		{9620A2A3-AC7E-4B78-9DD8-490154AAF490}.Debug|Any CPU.ActiveCfg = Debug|Any CPU
		{9620A2A3-AC7E-4B78-9DD8-490154AAF490}.Debug|Any CPU.Build.0 = Debug|Any CPU
		{9620A2A3-AC7E-4B78-9DD8-490154AAF490}.Release|Any CPU.ActiveCfg = Release|Any CPU
		{9620A2A3-AC7E-4B78-9DD8-490154AAF490}.Release|Any CPU.Build.0 = Release|Any CPU
		{24866671-FAAA-4A28-B10A-CFDF41193B4E}.Debug|Any CPU.ActiveCfg = Debug|Any CPU
		{24866671-FAAA-4A28-B10A-CFDF41193B4E}.Debug|Any CPU.Build.0 = Debug|Any CPU
		{24866671-FAAA-4A28-B10A-CFDF41193B4E}.Release|Any CPU.ActiveCfg = Release|Any CPU
		{24866671-FAAA-4A28-B10A-CFDF41193B4E}.Release|Any CPU.Build.0 = Release|Any CPU
		{ACA0D429-C03E-43DA-A077-09F1C28EC727}.Debug|Any CPU.ActiveCfg = Debug|Any CPU
		{ACA0D429-C03E-43DA-A077-09F1C28EC727}.Debug|Any CPU.Build.0 = Debug|Any CPU
		{ACA0D429-C03E-43DA-A077-09F1C28EC727}.Release|Any CPU.ActiveCfg = Release|Any CPU
		{ACA0D429-C03E-43DA-A077-09F1C28EC727}.Release|Any CPU.Build.0 = Release|Any CPU
	EndGlobalSection
	GlobalSection(SolutionProperties) = preSolution
		HideSolutionNode = FALSE
	EndGlobalSection
	GlobalSection(ExtensibilityGlobals) = postSolution
		SolutionGuid = {5D0AB3BE-E067-41D3-85FA-C24392E5DA1A}
	EndGlobalSection
EndGlobal
